// !$*UTF8*$!
{
	archiveVersion = 1;
	classes = {
	};
	objectVersion = 46;
	objects = {

/* Begin PBXBuildFile section */
		2A1838531BBF039200FE7046 /* AppDelegate.swift in Sources */ = {isa = PBXBuildFile; fileRef = 2A1838521BBF039200FE7046 /* AppDelegate.swift */; };
		2A1838551BBF039200FE7046 /* ViewController.swift in Sources */ = {isa = PBXBuildFile; fileRef = 2A1838541BBF039200FE7046 /* ViewController.swift */; };
		2A1838581BBF039200FE7046 /* Main.storyboard in Resources */ = {isa = PBXBuildFile; fileRef = 2A1838561BBF039200FE7046 /* Main.storyboard */; };
		2A18385A1BBF039200FE7046 /* Images.xcassets in Resources */ = {isa = PBXBuildFile; fileRef = 2A1838591BBF039200FE7046 /* Images.xcassets */; };
		2A18385D1BBF039200FE7046 /* LaunchScreen.xib in Resources */ = {isa = PBXBuildFile; fileRef = 2A18385B1BBF039200FE7046 /* LaunchScreen.xib */; };
		2A1838691BBF039300FE7046 /* BijinScouterTests.swift in Sources */ = {isa = PBXBuildFile; fileRef = 2A1838681BBF039300FE7046 /* BijinScouterTests.swift */; };
		2A1838731BBF08A700FE7046 /* japanese_bijin.png in Resources */ = {isa = PBXBuildFile; fileRef = 2A1838721BBF08A700FE7046 /* japanese_bijin.png */; };
		2AD567941BE650200009AE72 /* Alamofire.swift in Sources */ = {isa = PBXBuildFile; fileRef = 2AD567931BE650200009AE72 /* Alamofire.swift */; };
		2AD567A81BE6503B0009AE72 /* Error.swift in Sources */ = {isa = PBXBuildFile; fileRef = 2AD567991BE6503B0009AE72 /* Error.swift */; };
		2AD567A91BE6503B0009AE72 /* Manager.swift in Sources */ = {isa = PBXBuildFile; fileRef = 2AD5679A1BE6503B0009AE72 /* Manager.swift */; };
		2AD567AA1BE6503B0009AE72 /* ParameterEncoding.swift in Sources */ = {isa = PBXBuildFile; fileRef = 2AD5679B1BE6503B0009AE72 /* ParameterEncoding.swift */; };
		2AD567AB1BE6503B0009AE72 /* Request.swift in Sources */ = {isa = PBXBuildFile; fileRef = 2AD5679C1BE6503B0009AE72 /* Request.swift */; };
		2AD567AC1BE6503B0009AE72 /* Response.swift in Sources */ = {isa = PBXBuildFile; fileRef = 2AD5679D1BE6503B0009AE72 /* Response.swift */; };
		2AD567AD1BE6503B0009AE72 /* Result.swift in Sources */ = {isa = PBXBuildFile; fileRef = 2AD5679E1BE6503B0009AE72 /* Result.swift */; };
		2AD567AE1BE6503B0009AE72 /* Download.swift in Sources */ = {isa = PBXBuildFile; fileRef = 2AD567A01BE6503B0009AE72 /* Download.swift */; };
		2AD567AF1BE6503B0009AE72 /* MultipartFormData.swift in Sources */ = {isa = PBXBuildFile; fileRef = 2AD567A11BE6503B0009AE72 /* MultipartFormData.swift */; };
		2AD567B01BE6503B0009AE72 /* ResponseSerialization.swift in Sources */ = {isa = PBXBuildFile; fileRef = 2AD567A21BE6503B0009AE72 /* ResponseSerialization.swift */; };
		2AD567B11BE6503B0009AE72 /* ServerTrustPolicy.swift in Sources */ = {isa = PBXBuildFile; fileRef = 2AD567A31BE6503B0009AE72 /* ServerTrustPolicy.swift */; };
		2AD567B21BE6503B0009AE72 /* Stream.swift in Sources */ = {isa = PBXBuildFile; fileRef = 2AD567A41BE6503B0009AE72 /* Stream.swift */; };
		2AD567B31BE6503B0009AE72 /* Upload.swift in Sources */ = {isa = PBXBuildFile; fileRef = 2AD567A51BE6503B0009AE72 /* Upload.swift */; };
		2AD567B41BE6503B0009AE72 /* Validation.swift in Sources */ = {isa = PBXBuildFile; fileRef = 2AD567A61BE6503B0009AE72 /* Validation.swift */; };
/* End PBXBuildFile section */

/* Begin PBXContainerItemProxy section */
		2A1838631BBF039300FE7046 /* PBXContainerItemProxy */ = {
			isa = PBXContainerItemProxy;
			containerPortal = 2A1838451BBF039200FE7046 /* Project object */;
			proxyType = 1;
			remoteGlobalIDString = 2A18384C1BBF039200FE7046;
			remoteInfo = BijinScouter;
		};
/* End PBXContainerItemProxy section */

/* Begin PBXCopyFilesBuildPhase section */
		2AD5C37B1BE2AD0B004DDEEA /* Embed Frameworks */ = {
			isa = PBXCopyFilesBuildPhase;
			buildActionMask = 12;
			dstPath = "";
			dstSubfolderSpec = 10;
			files = (
			);
			name = "Embed Frameworks";
			runOnlyForDeploymentPostprocessing = 0;
		};
/* End PBXCopyFilesBuildPhase section */

/* Begin PBXFileReference section */
		2A18384D1BBF039200FE7046 /* BijinScouter.app */ = {isa = PBXFileReference; explicitFileType = wrapper.application; includeInIndex = 0; path = BijinScouter.app; sourceTree = BUILT_PRODUCTS_DIR; };
		2A1838511BBF039200FE7046 /* Info.plist */ = {isa = PBXFileReference; lastKnownFileType = text.plist.xml; path = Info.plist; sourceTree = "<group>"; };
		2A1838521BBF039200FE7046 /* AppDelegate.swift */ = {isa = PBXFileReference; lastKnownFileType = sourcecode.swift; path = AppDelegate.swift; sourceTree = "<group>"; };
		2A1838541BBF039200FE7046 /* ViewController.swift */ = {isa = PBXFileReference; lastKnownFileType = sourcecode.swift; path = ViewController.swift; sourceTree = "<group>"; };
		2A1838571BBF039200FE7046 /* Base */ = {isa = PBXFileReference; lastKnownFileType = file.storyboard; name = Base; path = Base.lproj/Main.storyboard; sourceTree = "<group>"; };
		2A1838591BBF039200FE7046 /* Images.xcassets */ = {isa = PBXFileReference; lastKnownFileType = folder.assetcatalog; path = Images.xcassets; sourceTree = "<group>"; };
		2A18385C1BBF039200FE7046 /* Base */ = {isa = PBXFileReference; lastKnownFileType = file.xib; name = Base; path = Base.lproj/LaunchScreen.xib; sourceTree = "<group>"; };
		2A1838621BBF039300FE7046 /* BijinScouterTests.xctest */ = {isa = PBXFileReference; explicitFileType = wrapper.cfbundle; includeInIndex = 0; path = BijinScouterTests.xctest; sourceTree = BUILT_PRODUCTS_DIR; };
		2A1838671BBF039300FE7046 /* Info.plist */ = {isa = PBXFileReference; lastKnownFileType = text.plist.xml; path = Info.plist; sourceTree = "<group>"; };
		2A1838681BBF039300FE7046 /* BijinScouterTests.swift */ = {isa = PBXFileReference; lastKnownFileType = sourcecode.swift; path = BijinScouterTests.swift; sourceTree = "<group>"; };
		2A1838721BBF08A700FE7046 /* japanese_bijin.png */ = {isa = PBXFileReference; lastKnownFileType = image.png; path = japanese_bijin.png; sourceTree = "<group>"; };
		2AD567931BE650200009AE72 /* Alamofire.swift */ = {isa = PBXFileReference; fileEncoding = 4; lastKnownFileType = sourcecode.swift; name = Alamofire.swift; path = "../../../../Downloads/Alamofire-master/Source/Alamofire.swift"; sourceTree = "<group>"; };
		2AD567991BE6503B0009AE72 /* Error.swift */ = {isa = PBXFileReference; fileEncoding = 4; lastKnownFileType = sourcecode.swift; path = Error.swift; sourceTree = "<group>"; };
		2AD5679A1BE6503B0009AE72 /* Manager.swift */ = {isa = PBXFileReference; fileEncoding = 4; lastKnownFileType = sourcecode.swift; path = Manager.swift; sourceTree = "<group>"; };
		2AD5679B1BE6503B0009AE72 /* ParameterEncoding.swift */ = {isa = PBXFileReference; fileEncoding = 4; lastKnownFileType = sourcecode.swift; path = ParameterEncoding.swift; sourceTree = "<group>"; };
		2AD5679C1BE6503B0009AE72 /* Request.swift */ = {isa = PBXFileReference; fileEncoding = 4; lastKnownFileType = sourcecode.swift; path = Request.swift; sourceTree = "<group>"; };
		2AD5679D1BE6503B0009AE72 /* Response.swift */ = {isa = PBXFileReference; fileEncoding = 4; lastKnownFileType = sourcecode.swift; path = Response.swift; sourceTree = "<group>"; };
		2AD5679E1BE6503B0009AE72 /* Result.swift */ = {isa = PBXFileReference; fileEncoding = 4; lastKnownFileType = sourcecode.swift; path = Result.swift; sourceTree = "<group>"; };
		2AD567A01BE6503B0009AE72 /* Download.swift */ = {isa = PBXFileReference; fileEncoding = 4; lastKnownFileType = sourcecode.swift; path = Download.swift; sourceTree = "<group>"; };
		2AD567A11BE6503B0009AE72 /* MultipartFormData.swift */ = {isa = PBXFileReference; fileEncoding = 4; lastKnownFileType = sourcecode.swift; path = MultipartFormData.swift; sourceTree = "<group>"; };
		2AD567A21BE6503B0009AE72 /* ResponseSerialization.swift */ = {isa = PBXFileReference; fileEncoding = 4; lastKnownFileType = sourcecode.swift; path = ResponseSerialization.swift; sourceTree = "<group>"; };
		2AD567A31BE6503B0009AE72 /* ServerTrustPolicy.swift */ = {isa = PBXFileReference; fileEncoding = 4; lastKnownFileType = sourcecode.swift; path = ServerTrustPolicy.swift; sourceTree = "<group>"; };
		2AD567A41BE6503B0009AE72 /* Stream.swift */ = {isa = PBXFileReference; fileEncoding = 4; lastKnownFileType = sourcecode.swift; path = Stream.swift; sourceTree = "<group>"; };
		2AD567A51BE6503B0009AE72 /* Upload.swift */ = {isa = PBXFileReference; fileEncoding = 4; lastKnownFileType = sourcecode.swift; path = Upload.swift; sourceTree = "<group>"; };
		2AD567A61BE6503B0009AE72 /* Validation.swift */ = {isa = PBXFileReference; fileEncoding = 4; lastKnownFileType = sourcecode.swift; path = Validation.swift; sourceTree = "<group>"; };
/* End PBXFileReference section */

/* Begin PBXFrameworksBuildPhase section */
		2A18384A1BBF039200FE7046 /* Frameworks */ = {
			isa = PBXFrameworksBuildPhase;
			buildActionMask = 2147483647;
			files = (
			);
			runOnlyForDeploymentPostprocessing = 0;
		};
		2A18385F1BBF039300FE7046 /* Frameworks */ = {
			isa = PBXFrameworksBuildPhase;
			buildActionMask = 2147483647;
			files = (
			);
			runOnlyForDeploymentPostprocessing = 0;
		};
/* End PBXFrameworksBuildPhase section */

/* Begin PBXGroup section */
		2A1838441BBF039200FE7046 = {
			isa = PBXGroup;
			children = (
				2A18384F1BBF039200FE7046 /* BijinScouter */,
				2A1838651BBF039300FE7046 /* BijinScouterTests */,
				2A18384E1BBF039200FE7046 /* Products */,
			);
			sourceTree = "<group>";
		};
		2A18384E1BBF039200FE7046 /* Products */ = {
			isa = PBXGroup;
			children = (
				2A18384D1BBF039200FE7046 /* BijinScouter.app */,
				2A1838621BBF039300FE7046 /* BijinScouterTests.xctest */,
			);
			name = Products;
			sourceTree = "<group>";
		};
		2A18384F1BBF039200FE7046 /* BijinScouter */ = {
			isa = PBXGroup;
			children = (
				2AD567931BE650200009AE72 /* Alamofire.swift */,
				2A1838721BBF08A700FE7046 /* japanese_bijin.png */,
				2A1838521BBF039200FE7046 /* AppDelegate.swift */,
				2A1838541BBF039200FE7046 /* ViewController.swift */,
				2AD5679F1BE6503B0009AE72 /* Core */,
				2AD567A71BE6503B0009AE72 /* Features */,
				2A1838561BBF039200FE7046 /* Main.storyboard */,
				2A1838591BBF039200FE7046 /* Images.xcassets */,
				2A18385B1BBF039200FE7046 /* LaunchScreen.xib */,
				2A1838501BBF039200FE7046 /* Supporting Files */,
			);
			path = BijinScouter;
			sourceTree = "<group>";
		};
		2A1838501BBF039200FE7046 /* Supporting Files */ = {
			isa = PBXGroup;
			children = (
				2A1838511BBF039200FE7046 /* Info.plist */,
			);
			name = "Supporting Files";
			sourceTree = "<group>";
		};
		2A1838651BBF039300FE7046 /* BijinScouterTests */ = {
			isa = PBXGroup;
			children = (
				2A1838681BBF039300FE7046 /* BijinScouterTests.swift */,
				2A1838661BBF039300FE7046 /* Supporting Files */,
			);
			path = BijinScouterTests;
			sourceTree = "<group>";
		};
		2A1838661BBF039300FE7046 /* Supporting Files */ = {
			isa = PBXGroup;
			children = (
				2A1838671BBF039300FE7046 /* Info.plist */,
			);
			name = "Supporting Files";
			sourceTree = "<group>";
		};
		2AD5679F1BE6503B0009AE72 /* Core */ = {
			isa = PBXGroup;
			children = (
				2AD567991BE6503B0009AE72 /* Error.swift */,
				2AD5679A1BE6503B0009AE72 /* Manager.swift */,
				2AD5679B1BE6503B0009AE72 /* ParameterEncoding.swift */,
				2AD5679C1BE6503B0009AE72 /* Request.swift */,
				2AD5679D1BE6503B0009AE72 /* Response.swift */,
				2AD5679E1BE6503B0009AE72 /* Result.swift */,
			);
			name = Core;
			path = "../../../../Downloads/Alamofire-master/Source";
			sourceTree = "<group>";
		};
		2AD567A71BE6503B0009AE72 /* Features */ = {
			isa = PBXGroup;
			children = (
				2AD567A01BE6503B0009AE72 /* Download.swift */,
				2AD567A11BE6503B0009AE72 /* MultipartFormData.swift */,
				2AD567A21BE6503B0009AE72 /* ResponseSerialization.swift */,
				2AD567A31BE6503B0009AE72 /* ServerTrustPolicy.swift */,
				2AD567A41BE6503B0009AE72 /* Stream.swift */,
				2AD567A51BE6503B0009AE72 /* Upload.swift */,
				2AD567A61BE6503B0009AE72 /* Validation.swift */,
			);
			name = Features;
			path = "../../../../Downloads/Alamofire-master/Source";
			sourceTree = "<group>";
		};
/* End PBXGroup section */

/* Begin PBXNativeTarget section */
		2A18384C1BBF039200FE7046 /* BijinScouter */ = {
			isa = PBXNativeTarget;
			buildConfigurationList = 2A18386C1BBF039300FE7046 /* Build configuration list for PBXNativeTarget "BijinScouter" */;
			buildPhases = (
				2A1838491BBF039200FE7046 /* Sources */,
				2A18384A1BBF039200FE7046 /* Frameworks */,
				2A18384B1BBF039200FE7046 /* Resources */,
				2AD5C37B1BE2AD0B004DDEEA /* Embed Frameworks */,
			);
			buildRules = (
			);
			dependencies = (
			);
			name = BijinScouter;
			productName = BijinScouter;
			productReference = 2A18384D1BBF039200FE7046 /* BijinScouter.app */;
			productType = "com.apple.product-type.application";
		};
		2A1838611BBF039300FE7046 /* BijinScouterTests */ = {
			isa = PBXNativeTarget;
			buildConfigurationList = 2A18386F1BBF039300FE7046 /* Build configuration list for PBXNativeTarget "BijinScouterTests" */;
			buildPhases = (
				2A18385E1BBF039300FE7046 /* Sources */,
				2A18385F1BBF039300FE7046 /* Frameworks */,
				2A1838601BBF039300FE7046 /* Resources */,
			);
			buildRules = (
			);
			dependencies = (
				2A1838641BBF039300FE7046 /* PBXTargetDependency */,
			);
			name = BijinScouterTests;
			productName = BijinScouterTests;
			productReference = 2A1838621BBF039300FE7046 /* BijinScouterTests.xctest */;
			productType = "com.apple.product-type.bundle.unit-test";
		};
/* End PBXNativeTarget section */

/* Begin PBXProject section */
		2A1838451BBF039200FE7046 /* Project object */ = {
			isa = PBXProject;
			attributes = {
				LastSwiftMigration = 0700;
				LastSwiftUpdateCheck = 0700;
				LastUpgradeCheck = 0640;
				ORGANIZATIONNAME = ryo_grid;
				TargetAttributes = {
					2A18384C1BBF039200FE7046 = {
						CreatedOnToolsVersion = 6.4;
					};
					2A1838611BBF039300FE7046 = {
						CreatedOnToolsVersion = 6.4;
						TestTargetID = 2A18384C1BBF039200FE7046;
					};
				};
			};
			buildConfigurationList = 2A1838481BBF039200FE7046 /* Build configuration list for PBXProject "BijinScouter" */;
			compatibilityVersion = "Xcode 3.2";
			developmentRegion = English;
			hasScannedForEncodings = 0;
			knownRegions = (
				en,
				Base,
			);
			mainGroup = 2A1838441BBF039200FE7046;
			productRefGroup = 2A18384E1BBF039200FE7046 /* Products */;
			projectDirPath = "";
			projectRoot = "";
			targets = (
				2A18384C1BBF039200FE7046 /* BijinScouter */,
				2A1838611BBF039300FE7046 /* BijinScouterTests */,
			);
		};
/* End PBXProject section */

/* Begin PBXResourcesBuildPhase section */
		2A18384B1BBF039200FE7046 /* Resources */ = {
			isa = PBXResourcesBuildPhase;
			buildActionMask = 2147483647;
			files = (
				2A1838581BBF039200FE7046 /* Main.storyboard in Resources */,
				2A18385D1BBF039200FE7046 /* LaunchScreen.xib in Resources */,
				2A18385A1BBF039200FE7046 /* Images.xcassets in Resources */,
				2A1838731BBF08A700FE7046 /* japanese_bijin.png in Resources */,
			);
			runOnlyForDeploymentPostprocessing = 0;
		};
		2A1838601BBF039300FE7046 /* Resources */ = {
			isa = PBXResourcesBuildPhase;
			buildActionMask = 2147483647;
			files = (
			);
			runOnlyForDeploymentPostprocessing = 0;
		};
/* End PBXResourcesBuildPhase section */

/* Begin PBXSourcesBuildPhase section */
		2A1838491BBF039200FE7046 /* Sources */ = {
			isa = PBXSourcesBuildPhase;
			buildActionMask = 2147483647;
			files = (
				2AD567AD1BE6503B0009AE72 /* Result.swift in Sources */,
				2AD567AC1BE6503B0009AE72 /* Response.swift in Sources */,
				2AD567AA1BE6503B0009AE72 /* ParameterEncoding.swift in Sources */,
				2AD567A81BE6503B0009AE72 /* Error.swift in Sources */,
				2AD567941BE650200009AE72 /* Alamofire.swift in Sources */,
				2AD567B11BE6503B0009AE72 /* ServerTrustPolicy.swift in Sources */,
				2AD567B41BE6503B0009AE72 /* Validation.swift in Sources */,
				2AD567B31BE6503B0009AE72 /* Upload.swift in Sources */,
				2AD567AF1BE6503B0009AE72 /* MultipartFormData.swift in Sources */,
				2A1838551BBF039200FE7046 /* ViewController.swift in Sources */,
				2AD567B01BE6503B0009AE72 /* ResponseSerialization.swift in Sources */,
				2AD567AB1BE6503B0009AE72 /* Request.swift in Sources */,
				2A1838531BBF039200FE7046 /* AppDelegate.swift in Sources */,
				2AD567A91BE6503B0009AE72 /* Manager.swift in Sources */,
				2AD567AE1BE6503B0009AE72 /* Download.swift in Sources */,
				2AD567B21BE6503B0009AE72 /* Stream.swift in Sources */,
			);
			runOnlyForDeploymentPostprocessing = 0;
		};
		2A18385E1BBF039300FE7046 /* Sources */ = {
			isa = PBXSourcesBuildPhase;
			buildActionMask = 2147483647;
			files = (
				2A1838691BBF039300FE7046 /* BijinScouterTests.swift in Sources */,
			);
			runOnlyForDeploymentPostprocessing = 0;
		};
/* End PBXSourcesBuildPhase section */

/* Begin PBXTargetDependency section */
		2A1838641BBF039300FE7046 /* PBXTargetDependency */ = {
			isa = PBXTargetDependency;
			target = 2A18384C1BBF039200FE7046 /* BijinScouter */;
			targetProxy = 2A1838631BBF039300FE7046 /* PBXContainerItemProxy */;
		};
/* End PBXTargetDependency section */

/* Begin PBXVariantGroup section */
		2A1838561BBF039200FE7046 /* Main.storyboard */ = {
			isa = PBXVariantGroup;
			children = (
				2A1838571BBF039200FE7046 /* Base */,
			);
			name = Main.storyboard;
			sourceTree = "<group>";
		};
		2A18385B1BBF039200FE7046 /* LaunchScreen.xib */ = {
			isa = PBXVariantGroup;
			children = (
				2A18385C1BBF039200FE7046 /* Base */,
			);
			name = LaunchScreen.xib;
			sourceTree = "<group>";
		};
/* End PBXVariantGroup section */

/* Begin XCBuildConfiguration section */
		2A18386A1BBF039300FE7046 /* Debug */ = {
			isa = XCBuildConfiguration;
			buildSettings = {
				ALWAYS_SEARCH_USER_PATHS = NO;
				CLANG_CXX_LANGUAGE_STANDARD = "gnu++0x";
				CLANG_CXX_LIBRARY = "libc++";
				CLANG_ENABLE_MODULES = YES;
				CLANG_ENABLE_OBJC_ARC = YES;
				CLANG_WARN_BOOL_CONVERSION = YES;
				CLANG_WARN_CONSTANT_CONVERSION = YES;
				CLANG_WARN_DIRECT_OBJC_ISA_USAGE = YES_ERROR;
				CLANG_WARN_EMPTY_BODY = YES;
				CLANG_WARN_ENUM_CONVERSION = YES;
				CLANG_WARN_INT_CONVERSION = YES;
				CLANG_WARN_OBJC_ROOT_CLASS = YES_ERROR;
				CLANG_WARN_UNREACHABLE_CODE = YES;
				CLANG_WARN__DUPLICATE_METHOD_MATCH = YES;
				"CODE_SIGN_IDENTITY[sdk=iphoneos*]" = "iPhone Developer";
				COPY_PHASE_STRIP = NO;
				DEBUG_INFORMATION_FORMAT = "dwarf-with-dsym";
				ENABLE_STRICT_OBJC_MSGSEND = YES;
				GCC_C_LANGUAGE_STANDARD = gnu99;
				GCC_DYNAMIC_NO_PIC = NO;
				GCC_NO_COMMON_BLOCKS = YES;
				GCC_OPTIMIZATION_LEVEL = 0;
				GCC_PREPROCESSOR_DEFINITIONS = (
					"DEBUG=1",
					"$(inherited)",
				);
				GCC_SYMBOLS_PRIVATE_EXTERN = NO;
				GCC_WARN_64_TO_32_BIT_CONVERSION = YES;
				GCC_WARN_ABOUT_RETURN_TYPE = YES_ERROR;
				GCC_WARN_UNDECLARED_SELECTOR = YES;
				GCC_WARN_UNINITIALIZED_AUTOS = YES_AGGRESSIVE;
				GCC_WARN_UNUSED_FUNCTION = YES;
				GCC_WARN_UNUSED_VARIABLE = YES;
				IPHONEOS_DEPLOYMENT_TARGET = 8.4;
				MTL_ENABLE_DEBUG_INFO = YES;
				ONLY_ACTIVE_ARCH = YES;
				SDKROOT = iphoneos;
				SWIFT_OPTIMIZATION_LEVEL = "-Onone";
			};
			name = Debug;
		};
		2A18386B1BBF039300FE7046 /* Release */ = {
			isa = XCBuildConfiguration;
			buildSettings = {
				ALWAYS_SEARCH_USER_PATHS = NO;
				CLANG_CXX_LANGUAGE_STANDARD = "gnu++0x";
				CLANG_CXX_LIBRARY = "libc++";
				CLANG_ENABLE_MODULES = YES;
				CLANG_ENABLE_OBJC_ARC = YES;
				CLANG_WARN_BOOL_CONVERSION = YES;
				CLANG_WARN_CONSTANT_CONVERSION = YES;
				CLANG_WARN_DIRECT_OBJC_ISA_USAGE = YES_ERROR;
				CLANG_WARN_EMPTY_BODY = YES;
				CLANG_WARN_ENUM_CONVERSION = YES;
				CLANG_WARN_INT_CONVERSION = YES;
				CLANG_WARN_OBJC_ROOT_CLASS = YES_ERROR;
				CLANG_WARN_UNREACHABLE_CODE = YES;
				CLANG_WARN__DUPLICATE_METHOD_MATCH = YES;
				"CODE_SIGN_IDENTITY[sdk=iphoneos*]" = "iPhone Developer";
				COPY_PHASE_STRIP = NO;
				DEBUG_INFORMATION_FORMAT = "dwarf-with-dsym";
				ENABLE_NS_ASSERTIONS = NO;
				ENABLE_STRICT_OBJC_MSGSEND = YES;
				GCC_C_LANGUAGE_STANDARD = gnu99;
				GCC_NO_COMMON_BLOCKS = YES;
				GCC_WARN_64_TO_32_BIT_CONVERSION = YES;
				GCC_WARN_ABOUT_RETURN_TYPE = YES_ERROR;
				GCC_WARN_UNDECLARED_SELECTOR = YES;
				GCC_WARN_UNINITIALIZED_AUTOS = YES_AGGRESSIVE;
				GCC_WARN_UNUSED_FUNCTION = YES;
				GCC_WARN_UNUSED_VARIABLE = YES;
				IPHONEOS_DEPLOYMENT_TARGET = 8.4;
				MTL_ENABLE_DEBUG_INFO = NO;
				SDKROOT = iphoneos;
				VALIDATE_PRODUCT = YES;
			};
			name = Release;
		};
		2A18386D1BBF039300FE7046 /* Debug */ = {
			isa = XCBuildConfiguration;
			buildSettings = {
				ASSETCATALOG_COMPILER_APPICON_NAME = AppIcon;
				EMBEDDED_CONTENT_CONTAINS_SWIFT = YES;
				INFOPLIST_FILE = BijinScouter/Info.plist;
				IPHONEOS_DEPLOYMENT_TARGET = 8.0;
				LD_RUNPATH_SEARCH_PATHS = "$(inherited) @executable_path/Frameworks";
				PRODUCT_NAME = "$(TARGET_NAME)";
			};
			name = Debug;
		};
		2A18386E1BBF039300FE7046 /* Release */ = {
			isa = XCBuildConfiguration;
			buildSettings = {
				ASSETCATALOG_COMPILER_APPICON_NAME = AppIcon;
				EMBEDDED_CONTENT_CONTAINS_SWIFT = YES;
				INFOPLIST_FILE = BijinScouter/Info.plist;
				IPHONEOS_DEPLOYMENT_TARGET = 8.0;
				LD_RUNPATH_SEARCH_PATHS = "$(inherited) @executable_path/Frameworks";
				PRODUCT_NAME = "$(TARGET_NAME)";
			};
			name = Release;
		};
		2A1838701BBF039300FE7046 /* Debug */ = {
			isa = XCBuildConfiguration;
			buildSettings = {
				BUNDLE_LOADER = "$(TEST_HOST)";
				FRAMEWORK_SEARCH_PATHS = (
					"$(SDKROOT)/Developer/Library/Frameworks",
					"$(inherited)",
				);
				GCC_PREPROCESSOR_DEFINITIONS = (
					"DEBUG=1",
					"$(inherited)",
				);
				INFOPLIST_FILE = BijinScouterTests/Info.plist;
				LD_RUNPATH_SEARCH_PATHS = "$(inherited) @executable_path/Frameworks @loader_path/Frameworks";
				PRODUCT_NAME = "$(TARGET_NAME)";
				TEST_HOST = "$(BUILT_PRODUCTS_DIR)/BijinScouter.app/BijinScouter";
			};
			name = Debug;
		};
		2A1838711BBF039300FE7046 /* Release */ = {
			isa = XCBuildConfiguration;
			buildSettings = {
				BUNDLE_LOADER = "$(TEST_HOST)";
				FRAMEWORK_SEARCH_PATHS = (
					"$(SDKROOT)/Developer/Library/Frameworks",
					"$(inherited)",
				);
				INFOPLIST_FILE = BijinScouterTests/Info.plist;
				LD_RUNPATH_SEARCH_PATHS = "$(inherited) @executable_path/Frameworks @loader_path/Frameworks";
				PRODUCT_NAME = "$(TARGET_NAME)";
				TEST_HOST = "$(BUILT_PRODUCTS_DIR)/BijinScouter.app/BijinScouter";
			};
			name = Release;
		};
/* End XCBuildConfiguration section */

/* Begin XCConfigurationList section */
		2A1838481BBF039200FE7046 /* Build configuration list for PBXProject "BijinScouter" */ = {
			isa = XCConfigurationList;
			buildConfigurations = (
				2A18386A1BBF039300FE7046 /* Debug */,
				2A18386B1BBF039300FE7046 /* Release */,
			);
			defaultConfigurationIsVisible = 0;
			defaultConfigurationName = Release;
		};
		2A18386C1BBF039300FE7046 /* Build configuration list for PBXNativeTarget "BijinScouter" */ = {
			isa = XCConfigurationList;
			buildConfigurations = (
				2A18386D1BBF039300FE7046 /* Debug */,
				2A18386E1BBF039300FE7046 /* Release */,
			);
			defaultConfigurationIsVisible = 0;
			defaultConfigurationName = Release;
		};
		2A18386F1BBF039300FE7046 /* Build configuration list for PBXNativeTarget "BijinScouterTests" */ = {
			isa = XCConfigurationList;
			buildConfigurations = (
				2A1838701BBF039300FE7046 /* Debug */,
				2A1838711BBF039300FE7046 /* Release */,
			);
			defaultConfigurationIsVisible = 0;
			defaultConfigurationName = Release;
		};
/* End XCConfigurationList section */
	};
	rootObject = 2A1838451BBF039200FE7046 /* Project object */;
}
